
Microsoft Visual Studio Solution File, Format Version 12.00
# Visual Studio 15
VisualStudioVersion = 15.0.28010.2019
MinimumVisualStudioVersion = 10.0.40219.1
Project("{FAE04EC0-301F-11D3-BF4B-00C04F79EFBC}") = "ElectroHouseProject", "ElectroHouseProject\ElectroHouseProject.csproj", "{1872B475-889A-4F64-9367-DA99F1447C36}"
EndProject
Global
	GlobalSection(SolutionConfigurationPlatforms) = preSolution
		Debug|Any CPU = Debug|Any CPU
		Release|Any CPU = Release|Any CPU
	EndGlobalSection
	GlobalSection(ProjectConfigurationPlatforms) = postSolution
		{1872B475-889A-4F64-9367-DA99F1447C36}.Debug|Any CPU.ActiveCfg = Debug|Any CPU
		{1872B475-889A-4F64-9367-DA99F1447C36}.Debug|Any CPU.Build.0 = Debug|Any CPU
		{1872B475-889A-4F64-9367-DA99F1447C36}.Release|Any CPU.ActiveCfg = Release|Any CPU
		{1872B475-889A-4F64-9367-DA99F1447C36}.Release|Any CPU.Build.0 = Release|Any CPU
	EndGlobalSection
	GlobalSection(SolutionProperties) = preSolution
		HideSolutionNode = FALSE
	EndGlobalSection
	GlobalSection(ExtensibilityGlobals) = postSolution
		SolutionGuid = {9CB26B90-73ED-4703-9A91-4F13FE98ECC9}
	EndGlobalSection
EndGlobal
